// !$*UTF8*$!
{
	archiveVersion = 1;
	classes = {
	};
	objectVersion = 46;
	objects = {

/* Begin PBXBuildFile section */
		437A22C31CEBFF680008D152 /* main.m in Sources */ = {isa = PBXBuildFile; fileRef = 437A22C21CEBFF680008D152 /* main.m */; };
		437A22C61CEBFF680008D152 /* AppDelegate.m in Sources */ = {isa = PBXBuildFile; fileRef = 437A22C51CEBFF680008D152 /* AppDelegate.m */; };
		437A22CC1CEBFF680008D152 /* Main.storyboard in Resources */ = {isa = PBXBuildFile; fileRef = 437A22CA1CEBFF680008D152 /* Main.storyboard */; };
		437A22CE1CEBFF680008D152 /* Assets.xcassets in Resources */ = {isa = PBXBuildFile; fileRef = 437A22CD1CEBFF680008D152 /* Assets.xcassets */; };
		437A22D11CEBFF680008D152 /* LaunchScreen.storyboard in Resources */ = {isa = PBXBuildFile; fileRef = 437A22CF1CEBFF680008D152 /* LaunchScreen.storyboard */; };
		437A22ED1CECB0EC0008D152 /* Person.m in Sources */ = {isa = PBXBuildFile; fileRef = 437A22EC1CECB0EC0008D152 /* Person.m */; };
		437A22F01CECC38A0008D152 /* PeopleTVC.m in Sources */ = {isa = PBXBuildFile; fileRef = 437A22EF1CECC38A0008D152 /* PeopleTVC.m */; };
		43EB2D891CED2D6B0008C3FC /* AddPersonVC.m in Sources */ = {isa = PBXBuildFile; fileRef = 43EB2D881CED2D6B0008C3FC /* AddPersonVC.m */; };
		4EA9E2D77F83B85E7DB2BFA5 /* libPods-LightningRealm.a in Frameworks */ = {isa = PBXBuildFile; fileRef = 39B00A19367E81DBB7418D61 /* libPods-LightningRealm.a */; };
/* End PBXBuildFile section */

/* Begin PBXFileReference section */
		39B00A19367E81DBB7418D61 /* libPods-LightningRealm.a */ = {isa = PBXFileReference; explicitFileType = archive.ar; includeInIndex = 0; path = "libPods-LightningRealm.a"; sourceTree = BUILT_PRODUCTS_DIR; };
		437A22BE1CEBFF680008D152 /* LightningRealm.app */ = {isa = PBXFileReference; explicitFileType = wrapper.application; includeInIndex = 0; path = LightningRealm.app; sourceTree = BUILT_PRODUCTS_DIR; };
		437A22C21CEBFF680008D152 /* main.m */ = {isa = PBXFileReference; lastKnownFileType = sourcecode.c.objc; path = main.m; sourceTree = "<group>"; };
		437A22C41CEBFF680008D152 /* AppDelegate.h */ = {isa = PBXFileReference; lastKnownFileType = sourcecode.c.h; path = AppDelegate.h; sourceTree = "<group>"; };
		437A22C51CEBFF680008D152 /* AppDelegate.m */ = {isa = PBXFileReference; lastKnownFileType = sourcecode.c.objc; path = AppDelegate.m; sourceTree = "<group>"; };
		437A22CB1CEBFF680008D152 /* Base */ = {isa = PBXFileReference; lastKnownFileType = file.storyboard; name = Base; path = Base.lproj/Main.storyboard; sourceTree = "<group>"; };
		437A22CD1CEBFF680008D152 /* Assets.xcassets */ = {isa = PBXFileReference; lastKnownFileType = folder.assetcatalog; path = Assets.xcassets; sourceTree = "<group>"; };
		437A22D01CEBFF680008D152 /* Base */ = {isa = PBXFileReference; lastKnownFileType = file.storyboard; name = Base; path = Base.lproj/LaunchScreen.storyboard; sourceTree = "<group>"; };
		437A22D21CEBFF680008D152 /* Info.plist */ = {isa = PBXFileReference; lastKnownFileType = text.plist.xml; path = Info.plist; sourceTree = "<group>"; };
		437A22EB1CECB0EC0008D152 /* Person.h */ = {isa = PBXFileReference; fileEncoding = 4; lastKnownFileType = sourcecode.c.h; path = Person.h; sourceTree = "<group>"; };
		437A22EC1CECB0EC0008D152 /* Person.m */ = {isa = PBXFileReference; fileEncoding = 4; lastKnownFileType = sourcecode.c.objc; path = Person.m; sourceTree = "<group>"; };
		437A22EE1CECC38A0008D152 /* PeopleTVC.h */ = {isa = PBXFileReference; fileEncoding = 4; lastKnownFileType = sourcecode.c.h; path = PeopleTVC.h; sourceTree = "<group>"; };
		437A22EF1CECC38A0008D152 /* PeopleTVC.m */ = {isa = PBXFileReference; fileEncoding = 4; lastKnownFileType = sourcecode.c.objc; path = PeopleTVC.m; sourceTree = "<group>"; };
		43EB2D871CED2D6B0008C3FC /* AddPersonVC.h */ = {isa = PBXFileReference; fileEncoding = 4; lastKnownFileType = sourcecode.c.h; path = AddPersonVC.h; sourceTree = "<group>"; };
		43EB2D881CED2D6B0008C3FC /* AddPersonVC.m */ = {isa = PBXFileReference; fileEncoding = 4; lastKnownFileType = sourcecode.c.objc; path = AddPersonVC.m; sourceTree = "<group>"; };
		84B57DAF6E4133302985AC45 /* Pods-LightningRealm.release.xcconfig */ = {isa = PBXFileReference; includeInIndex = 1; lastKnownFileType = text.xcconfig; name = "Pods-LightningRealm.release.xcconfig"; path = "Pods/Target Support Files/Pods-LightningRealm/Pods-LightningRealm.release.xcconfig"; sourceTree = "<group>"; };
		DC9DF0A610FF06C09E4D70F4 /* Pods-LightningRealm.debug.xcconfig */ = {isa = PBXFileReference; includeInIndex = 1; lastKnownFileType = text.xcconfig; name = "Pods-LightningRealm.debug.xcconfig"; path = "Pods/Target Support Files/Pods-LightningRealm/Pods-LightningRealm.debug.xcconfig"; sourceTree = "<group>"; };
/* End PBXFileReference section */

/* Begin PBXFrameworksBuildPhase section */
		437A22BB1CEBFF680008D152 /* Frameworks */ = {
			isa = PBXFrameworksBuildPhase;
			buildActionMask = 2147483647;
			files = (
				4EA9E2D77F83B85E7DB2BFA5 /* libPods-LightningRealm.a in Frameworks */,
			);
			runOnlyForDeploymentPostprocessing = 0;
		};
/* End PBXFrameworksBuildPhase section */

/* Begin PBXGroup section */
		43417DD91CEF40DC00146A17 /* Model */ = {
			isa = PBXGroup;
			children = (
				437A22EB1CECB0EC0008D152 /* Person.h */,
				437A22EC1CECB0EC0008D152 /* Person.m */,
			);
			name = Model;
			sourceTree = "<group>";
		};
		437A22B51CEBFF680008D152 = {
			isa = PBXGroup;
			children = (
				437A22C01CEBFF680008D152 /* LightningRealm */,
				437A22BF1CEBFF680008D152 /* Products */,
				F048589A6A04F0F1B37ECAB5 /* Pods */,
				9528E2E115B309836DC5AF8E /* Frameworks */,
			);
			sourceTree = "<group>";
		};
		437A22BF1CEBFF680008D152 /* Products */ = {
			isa = PBXGroup;
			children = (
				437A22BE1CEBFF680008D152 /* LightningRealm.app */,
			);
			name = Products;
			sourceTree = "<group>";
		};
		437A22C01CEBFF680008D152 /* LightningRealm */ = {
			isa = PBXGroup;
			children = (
				437A22C41CEBFF680008D152 /* AppDelegate.h */,
				437A22C51CEBFF680008D152 /* AppDelegate.m */,
				437A22EE1CECC38A0008D152 /* PeopleTVC.h */,
				437A22EF1CECC38A0008D152 /* PeopleTVC.m */,
				43EB2D871CED2D6B0008C3FC /* AddPersonVC.h */,
				43EB2D881CED2D6B0008C3FC /* AddPersonVC.m */,
				43417DD91CEF40DC00146A17 /* Model */,
				437A22CA1CEBFF680008D152 /* Main.storyboard */,
				437A22CD1CEBFF680008D152 /* Assets.xcassets */,
				437A22CF1CEBFF680008D152 /* LaunchScreen.storyboard */,
				437A22D21CEBFF680008D152 /* Info.plist */,
				437A22C11CEBFF680008D152 /* Supporting Files */,
			);
			path = LightningRealm;
			sourceTree = "<group>";
		};
		437A22C11CEBFF680008D152 /* Supporting Files */ = {
			isa = PBXGroup;
			children = (
				437A22C21CEBFF680008D152 /* main.m */,
			);
			name = "Supporting Files";
			sourceTree = "<group>";
		};
		9528E2E115B309836DC5AF8E /* Frameworks */ = {
			isa = PBXGroup;
			children = (
				39B00A19367E81DBB7418D61 /* libPods-LightningRealm.a */,
			);
			name = Frameworks;
			sourceTree = "<group>";
		};
		F048589A6A04F0F1B37ECAB5 /* Pods */ = {
			isa = PBXGroup;
			children = (
				DC9DF0A610FF06C09E4D70F4 /* Pods-LightningRealm.debug.xcconfig */,
				84B57DAF6E4133302985AC45 /* Pods-LightningRealm.release.xcconfig */,
			);
			name = Pods;
			sourceTree = "<group>";
		};
/* End PBXGroup section */

/* Begin PBXNativeTarget section */
		437A22BD1CEBFF680008D152 /* LightningRealm */ = {
			isa = PBXNativeTarget;
			buildConfigurationList = 437A22D51CEBFF680008D152 /* Build configuration list for PBXNativeTarget "LightningRealm" */;
			buildPhases = (
				FE03A5809B19C22E30617920 /* 📦 Check Pods Manifest.lock */,
				437A22BA1CEBFF680008D152 /* Sources */,
				437A22BB1CEBFF680008D152 /* Frameworks */,
				437A22BC1CEBFF680008D152 /* Resources */,
				5355E0DC9CEF157C66F8ED65 /* 📦 Embed Pods Frameworks */,
				83B70353CCCE5C03B9944132 /* 📦 Copy Pods Resources */,
			);
			buildRules = (
			);
			dependencies = (
			);
			name = LightningRealm;
			productName = LightningRealm;
			productReference = 437A22BE1CEBFF680008D152 /* LightningRealm.app */;
			productType = "com.apple.product-type.application";
		};
/* End PBXNativeTarget section */

/* Begin PBXProject section */
		437A22B61CEBFF680008D152 /* Project object */ = {
			isa = PBXProject;
			attributes = {
				LastUpgradeCheck = 0730;
				ORGANIZATIONNAME = DetroitLabs;
				TargetAttributes = {
					437A22BD1CEBFF680008D152 = {
						CreatedOnToolsVersion = 7.3.1;
					};
				};
			};
			buildConfigurationList = 437A22B91CEBFF680008D152 /* Build configuration list for PBXProject "LightningRealm" */;
			compatibilityVersion = "Xcode 3.2";
			developmentRegion = English;
			hasScannedForEncodings = 0;
			knownRegions = (
				en,
				Base,
			);
			mainGroup = 437A22B51CEBFF680008D152;
			productRefGroup = 437A22BF1CEBFF680008D152 /* Products */;
			projectDirPath = "";
			projectRoot = "";
			targets = (
				437A22BD1CEBFF680008D152 /* LightningRealm */,
			);
		};
/* End PBXProject section */

/* Begin PBXResourcesBuildPhase section */
		437A22BC1CEBFF680008D152 /* Resources */ = {
			isa = PBXResourcesBuildPhase;
			buildActionMask = 2147483647;
			files = (
				437A22D11CEBFF680008D152 /* LaunchScreen.storyboard in Resources */,
				437A22CE1CEBFF680008D152 /* Assets.xcassets in Resources */,
				437A22CC1CEBFF680008D152 /* Main.storyboard in Resources */,
			);
			runOnlyForDeploymentPostprocessing = 0;
		};
/* End PBXResourcesBuildPhase section */

/* Begin PBXShellScriptBuildPhase section */
		5355E0DC9CEF157C66F8ED65 /* 📦 Embed Pods Frameworks */ = {
			isa = PBXShellScriptBuildPhase;
			buildActionMask = 2147483647;
			files = (
			);
			inputPaths = (
			);
			name = "📦 Embed Pods Frameworks";
			outputPaths = (
			);
			runOnlyForDeploymentPostprocessing = 0;
			shellPath = /bin/sh;
			shellScript = "\"${SRCROOT}/Pods/Target Support Files/Pods-LightningRealm/Pods-LightningRealm-frameworks.sh\"\n";
			showEnvVarsInLog = 0;
		};
		83B70353CCCE5C03B9944132 /* 📦 Copy Pods Resources */ = {
			isa = PBXShellScriptBuildPhase;
			buildActionMask = 2147483647;
			files = (
			);
			inputPaths = (
			);
			name = "📦 Copy Pods Resources";
			outputPaths = (
			);
			runOnlyForDeploymentPostprocessing = 0;
			shellPath = /bin/sh;
			shellScript = "\"${SRCROOT}/Pods/Target Support Files/Pods-LightningRealm/Pods-LightningRealm-resources.sh\"\n";
			showEnvVarsInLog = 0;
		};
		FE03A5809B19C22E30617920 /* 📦 Check Pods Manifest.lock */ = {
			isa = PBXShellScriptBuildPhase;
			buildActionMask = 2147483647;
			files = (
			);
			inputPaths = (
			);
			name = "📦 Check Pods Manifest.lock";
			outputPaths = (
			);
			runOnlyForDeploymentPostprocessing = 0;
			shellPath = /bin/sh;
			shellScript = "diff \"${PODS_ROOT}/../Podfile.lock\" \"${PODS_ROOT}/Manifest.lock\" > /dev/null\nif [[ $? != 0 ]] ; then\n    cat << EOM\nerror: The sandbox is not in sync with the Podfile.lock. Run 'pod install' or update your CocoaPods installation.\nEOM\n    exit 1\nfi\n";
			showEnvVarsInLog = 0;
		};
/* End PBXShellScriptBuildPhase section */

/* Begin PBXSourcesBuildPhase section */
		437A22BA1CEBFF680008D152 /* Sources */ = {
			isa = PBXSourcesBuildPhase;
			buildActionMask = 2147483647;
			files = (
				437A22F01CECC38A0008D152 /* PeopleTVC.m in Sources */,
				437A22C61CEBFF680008D152 /* AppDelegate.m in Sources */,
				437A22ED1CECB0EC0008D152 /* Person.m in Sources */,
				437A22C31CEBFF680008D152 /* main.m in Sources */,
				43EB2D891CED2D6B0008C3FC /* AddPersonVC.m in Sources */,
			);
			runOnlyForDeploymentPostprocessing = 0;
		};
/* End PBXSourcesBuildPhase section */

/* Begin PBXVariantGroup section */
		437A22CA1CEBFF680008D152 /* Main.storyboard */ = {
			isa = PBXVariantGroup;
			children = (
				437A22CB1CEBFF680008D152 /* Base */,
			);
			name = Main.storyboard;
			sourceTree = "<group>";
		};
		437A22CF1CEBFF680008D152 /* LaunchScreen.storyboard */ = {
			isa = PBXVariantGroup;
			children = (
				437A22D01CEBFF680008D152 /* Base */,
			);
			name = LaunchScreen.storyboard;
			sourceTree = "<group>";
		};
/* End PBXVariantGroup section */

/* Begin XCBuildConfiguration section */
		437A22D31CEBFF680008D152 /* Debug */ = {
			isa = XCBuildConfiguration;
			buildSettings = {
				ALWAYS_SEARCH_USER_PATHS = NO;
				CLANG_ANALYZER_NONNULL = YES;
				CLANG_CXX_LANGUAGE_STANDARD = "gnu++0x";
				CLANG_CXX_LIBRARY = "libc++";
				CLANG_ENABLE_MODULES = YES;
				CLANG_ENABLE_OBJC_ARC = YES;
				CLANG_WARN_BOOL_CONVERSION = YES;
				CLANG_WARN_CONSTANT_CONVERSION = YES;
				CLANG_WARN_DIRECT_OBJC_ISA_USAGE = YES_ERROR;
				CLANG_WARN_EMPTY_BODY = YES;
				CLANG_WARN_ENUM_CONVERSION = YES;
				CLANG_WARN_INT_CONVERSION = YES;
				CLANG_WARN_OBJC_ROOT_CLASS = YES_ERROR;
				CLANG_WARN_UNREACHABLE_CODE = YES;
				CLANG_WARN__DUPLICATE_METHOD_MATCH = YES;
				"CODE_SIGN_IDENTITY[sdk=iphoneos*]" = "iPhone Developer";
				COPY_PHASE_STRIP = NO;
				DEBUG_INFORMATION_FORMAT = dwarf;
				ENABLE_STRICT_OBJC_MSGSEND = YES;
				ENABLE_TESTABILITY = YES;
				GCC_C_LANGUAGE_STANDARD = gnu99;
				GCC_DYNAMIC_NO_PIC = NO;
				GCC_NO_COMMON_BLOCKS = YES;
				GCC_OPTIMIZATION_LEVEL = 0;
				GCC_PREPROCESSOR_DEFINITIONS = (
					"DEBUG=1",
					"$(inherited)",
				);
				GCC_WARN_64_TO_32_BIT_CONVERSION = YES;
				GCC_WARN_ABOUT_RETURN_TYPE = YES_ERROR;
				GCC_WARN_UNDECLARED_SELECTOR = YES;
				GCC_WARN_UNINITIALIZED_AUTOS = YES_AGGRESSIVE;
				GCC_WARN_UNUSED_FUNCTION = YES;
				GCC_WARN_UNUSED_VARIABLE = YES;
				IPHONEOS_DEPLOYMENT_TARGET = 9.3;
				MTL_ENABLE_DEBUG_INFO = YES;
				ONLY_ACTIVE_ARCH = YES;
				SDKROOT = iphoneos;
				TARGETED_DEVICE_FAMILY = "1,2";
			};
			name = Debug;
		};
		437A22D41CEBFF680008D152 /* Release */ = {
			isa = XCBuildConfiguration;
			buildSettings = {
				ALWAYS_SEARCH_USER_PATHS = NO;
				CLANG_ANALYZER_NONNULL = YES;
				CLANG_CXX_LANGUAGE_STANDARD = "gnu++0x";
				CLANG_CXX_LIBRARY = "libc++";
				CLANG_ENABLE_MODULES = YES;
				CLANG_ENABLE_OBJC_ARC = YES;
				CLANG_WARN_BOOL_CONVERSION = YES;
				CLANG_WARN_CONSTANT_CONVERSION = YES;
				CLANG_WARN_DIRECT_OBJC_ISA_USAGE = YES_ERROR;
				CLANG_WARN_EMPTY_BODY = YES;
				CLANG_WARN_ENUM_CONVERSION = YES;
				CLANG_WARN_INT_CONVERSION = YES;
				CLANG_WARN_OBJC_ROOT_CLASS = YES_ERROR;
				CLANG_WARN_UNREACHABLE_CODE = YES;
				CLANG_WARN__DUPLICATE_METHOD_MATCH = YES;
				"CODE_SIGN_IDENTITY[sdk=iphoneos*]" = "iPhone Developer";
				COPY_PHASE_STRIP = NO;
				DEBUG_INFORMATION_FORMAT = "dwarf-with-dsym";
				ENABLE_NS_ASSERTIONS = NO;
				ENABLE_STRICT_OBJC_MSGSEND = YES;
				GCC_C_LANGUAGE_STANDARD = gnu99;
				GCC_NO_COMMON_BLOCKS = YES;
				GCC_WARN_64_TO_32_BIT_CONVERSION = YES;
				GCC_WARN_ABOUT_RETURN_TYPE = YES_ERROR;
				GCC_WARN_UNDECLARED_SELECTOR = YES;
				GCC_WARN_UNINITIALIZED_AUTOS = YES_AGGRESSIVE;
				GCC_WARN_UNUSED_FUNCTION = YES;
				GCC_WARN_UNUSED_VARIABLE = YES;
				IPHONEOS_DEPLOYMENT_TARGET = 9.3;
				MTL_ENABLE_DEBUG_INFO = NO;
				SDKROOT = iphoneos;
				TARGETED_DEVICE_FAMILY = "1,2";
				VALIDATE_PRODUCT = YES;
			};
			name = Release;
		};
		437A22D61CEBFF680008D152 /* Debug */ = {
			isa = XCBuildConfiguration;
			baseConfigurationReference = DC9DF0A610FF06C09E4D70F4 /* Pods-LightningRealm.debug.xcconfig */;
			buildSettings = {
				ASSETCATALOG_COMPILER_APPICON_NAME = AppIcon;
				INFOPLIST_FILE = LightningRealm/Info.plist;
				LD_RUNPATH_SEARCH_PATHS = "$(inherited) @executable_path/Frameworks";
				PRODUCT_BUNDLE_IDENTIFIER = detroitlabs.LightningRealm;
				PRODUCT_NAME = "$(TARGET_NAME)";
			};
			name = Debug;
		};
		437A22D71CEBFF680008D152 /* Release */ = {
			isa = XCBuildConfiguration;
			baseConfigurationReference = 84B57DAF6E4133302985AC45 /* Pods-LightningRealm.release.xcconfig */;
			buildSettings = {
				ASSETCATALOG_COMPILER_APPICON_NAME = AppIcon;
				INFOPLIST_FILE = LightningRealm/Info.plist;
				LD_RUNPATH_SEARCH_PATHS = "$(inherited) @executable_path/Frameworks";
				PRODUCT_BUNDLE_IDENTIFIER = detroitlabs.LightningRealm;
				PRODUCT_NAME = "$(TARGET_NAME)";
			};
			name = Release;
		};
/* End XCBuildConfiguration section */

/* Begin XCConfigurationList section */
		437A22B91CEBFF680008D152 /* Build configuration list for PBXProject "LightningRealm" */ = {
			isa = XCConfigurationList;
			buildConfigurations = (
				437A22D31CEBFF680008D152 /* Debug */,
				437A22D41CEBFF680008D152 /* Release */,
			);
			defaultConfigurationIsVisible = 0;
			defaultConfigurationName = Release;
		};
		437A22D51CEBFF680008D152 /* Build configuration list for PBXNativeTarget "LightningRealm" */ = {
			isa = XCConfigurationList;
			buildConfigurations = (
				437A22D61CEBFF680008D152 /* Debug */,
				437A22D71CEBFF680008D152 /* Release */,
			);
			defaultConfigurationIsVisible = 0;
			defaultConfigurationName = Release;
		};
/* End XCConfigurationList section */
	};
	rootObject = 437A22B61CEBFF680008D152 /* Project object */;
}
